// !$*UTF8*$!
{
	archiveVersion = 1;
	classes = {
	};
	objectVersion = 50;
	objects = {

/* Begin PBXBuildFile section */
		045A1CC021A0EF6A004E46C7 /* Timer.swift in Sources */ = {isa = PBXBuildFile; fileRef = 045A1CBF21A0EF6A004E46C7 /* Timer.swift */; };
		045A1CC221A0EF89004E46C7 /* CountdownTimer.swift in Sources */ = {isa = PBXBuildFile; fileRef = 045A1CC121A0EF89004E46C7 /* CountdownTimer.swift */; };
		045A1CC421A1020E004E46C7 /* Takepicture.swift in Sources */ = {isa = PBXBuildFile; fileRef = 045A1CC321A1020E004E46C7 /* Takepicture.swift */; };
		6A481DB521A39A7B00F6A942 /* classes.swift in Sources */ = {isa = PBXBuildFile; fileRef = 6A481DB421A39A7B00F6A942 /* classes.swift */; };
		6A9F0DFB21A0E0CB009436A1 /* SettingViewController.swift in Sources */ = {isa = PBXBuildFile; fileRef = 6A9F0DFA21A0E0CB009436A1 /* SettingViewController.swift */; };
		71988D1EF226E661E5F4C909 /* Pods_Parker.framework in Frameworks */ = {isa = PBXBuildFile; fileRef = 980037EFB8C2E6EE2C701058 /* Pods_Parker.framework */; };
		BF247D6C219645CA00948E85 /* AppDelegate.swift in Sources */ = {isa = PBXBuildFile; fileRef = BF247D6B219645CA00948E85 /* AppDelegate.swift */; };
		BF247D6E219645CA00948E85 /* MapViewController.swift in Sources */ = {isa = PBXBuildFile; fileRef = BF247D6D219645CA00948E85 /* MapViewController.swift */; };
		BF247D71219645CA00948E85 /* Main.storyboard in Resources */ = {isa = PBXBuildFile; fileRef = BF247D6F219645CA00948E85 /* Main.storyboard */; };
		BF247D73219645CD00948E85 /* Assets.xcassets in Resources */ = {isa = PBXBuildFile; fileRef = BF247D72219645CD00948E85 /* Assets.xcassets */; };
		BF247D76219645CD00948E85 /* LaunchScreen.storyboard in Resources */ = {isa = PBXBuildFile; fileRef = BF247D74219645CD00948E85 /* LaunchScreen.storyboard */; };
/* End PBXBuildFile section */

/* Begin PBXFileReference section */
		045A1CBF21A0EF6A004E46C7 /* Timer.swift */ = {isa = PBXFileReference; lastKnownFileType = sourcecode.swift; path = Timer.swift; sourceTree = "<group>"; };
		045A1CC121A0EF89004E46C7 /* CountdownTimer.swift */ = {isa = PBXFileReference; lastKnownFileType = sourcecode.swift; path = CountdownTimer.swift; sourceTree = "<group>"; };
		045A1CC321A1020E004E46C7 /* Takepicture.swift */ = {isa = PBXFileReference; lastKnownFileType = sourcecode.swift; path = Takepicture.swift; sourceTree = "<group>"; };
		6A481DB421A39A7B00F6A942 /* classes.swift */ = {isa = PBXFileReference; lastKnownFileType = sourcecode.swift; path = classes.swift; sourceTree = "<group>"; };
		6A9F0DFA21A0E0CB009436A1 /* SettingViewController.swift */ = {isa = PBXFileReference; lastKnownFileType = sourcecode.swift; path = SettingViewController.swift; sourceTree = "<group>"; };
		92048ACF94127D0BF6CC7893 /* Pods-Parker.debug.xcconfig */ = {isa = PBXFileReference; includeInIndex = 1; lastKnownFileType = text.xcconfig; name = "Pods-Parker.debug.xcconfig"; path = "Pods/Target Support Files/Pods-Parker/Pods-Parker.debug.xcconfig"; sourceTree = "<group>"; };
		980037EFB8C2E6EE2C701058 /* Pods_Parker.framework */ = {isa = PBXFileReference; explicitFileType = wrapper.framework; includeInIndex = 0; path = Pods_Parker.framework; sourceTree = BUILT_PRODUCTS_DIR; };
		BF247D68219645CA00948E85 /* Parker.app */ = {isa = PBXFileReference; explicitFileType = wrapper.application; includeInIndex = 0; path = Parker.app; sourceTree = BUILT_PRODUCTS_DIR; };
		BF247D6B219645CA00948E85 /* AppDelegate.swift */ = {isa = PBXFileReference; lastKnownFileType = sourcecode.swift; path = AppDelegate.swift; sourceTree = "<group>"; };
		BF247D6D219645CA00948E85 /* MapViewController.swift */ = {isa = PBXFileReference; lastKnownFileType = sourcecode.swift; path = MapViewController.swift; sourceTree = "<group>"; };
		BF247D70219645CA00948E85 /* Base */ = {isa = PBXFileReference; lastKnownFileType = file.storyboard; name = Base; path = Base.lproj/Main.storyboard; sourceTree = "<group>"; };
		BF247D72219645CD00948E85 /* Assets.xcassets */ = {isa = PBXFileReference; lastKnownFileType = folder.assetcatalog; path = Assets.xcassets; sourceTree = "<group>"; };
		BF247D75219645CD00948E85 /* Base */ = {isa = PBXFileReference; lastKnownFileType = file.storyboard; name = Base; path = Base.lproj/LaunchScreen.storyboard; sourceTree = "<group>"; };
		BF247D77219645CD00948E85 /* Info.plist */ = {isa = PBXFileReference; lastKnownFileType = text.plist.xml; path = Info.plist; sourceTree = "<group>"; };
		D7FD010C653840A18B822D2B /* Pods-Parker.release.xcconfig */ = {isa = PBXFileReference; includeInIndex = 1; lastKnownFileType = text.xcconfig; name = "Pods-Parker.release.xcconfig"; path = "Pods/Target Support Files/Pods-Parker/Pods-Parker.release.xcconfig"; sourceTree = "<group>"; };
/* End PBXFileReference section */

/* Begin PBXFrameworksBuildPhase section */
		BF247D65219645CA00948E85 /* Frameworks */ = {
			isa = PBXFrameworksBuildPhase;
			buildActionMask = 2147483647;
			files = (
				71988D1EF226E661E5F4C909 /* Pods_Parker.framework in Frameworks */,
			);
			runOnlyForDeploymentPostprocessing = 0;
		};
/* End PBXFrameworksBuildPhase section */

/* Begin PBXGroup section */
		5A510FC0D592BBF09D2C9126 /* Pods */ = {
			isa = PBXGroup;
			children = (
				92048ACF94127D0BF6CC7893 /* Pods-Parker.debug.xcconfig */,
				D7FD010C653840A18B822D2B /* Pods-Parker.release.xcconfig */,
			);
			name = Pods;
			sourceTree = "<group>";
		};
		6A9F0DFD21A0E0E3009436A1 /* CustomViewController */ = {
			isa = PBXGroup;
			children = (
				BF247D6D219645CA00948E85 /* MapViewController.swift */,
				6A9F0DFA21A0E0CB009436A1 /* SettingViewController.swift */,
			);
			path = CustomViewController;
			sourceTree = "<group>";
		};
		9BB4D31896768BEC2AA90277 /* Frameworks */ = {
			isa = PBXGroup;
			children = (
				980037EFB8C2E6EE2C701058 /* Pods_Parker.framework */,
			);
			name = Frameworks;
			sourceTree = "<group>";
		};
		BF247D5F219645CA00948E85 = {
			isa = PBXGroup;
			children = (
				BF247D6A219645CA00948E85 /* Parker */,
				BF247D69219645CA00948E85 /* Products */,
				5A510FC0D592BBF09D2C9126 /* Pods */,
				9BB4D31896768BEC2AA90277 /* Frameworks */,
			);
			sourceTree = "<group>";
		};
		BF247D69219645CA00948E85 /* Products */ = {
			isa = PBXGroup;
			children = (
				BF247D68219645CA00948E85 /* Parker.app */,
			);
			name = Products;
			sourceTree = "<group>";
		};
		BF247D6A219645CA00948E85 /* Parker */ = {
			isa = PBXGroup;
			children = (
				6A9F0DFD21A0E0E3009436A1 /* CustomViewController */,
				BF247D6B219645CA00948E85 /* AppDelegate.swift */,
				6A481DB421A39A7B00F6A942 /* classes.swift */,
				BF247D6F219645CA00948E85 /* Main.storyboard */,
				045A1CC321A1020E004E46C7 /* Takepicture.swift */,
				045A1CBF21A0EF6A004E46C7 /* Timer.swift */,
				045A1CC121A0EF89004E46C7 /* CountdownTimer.swift */,
				BF247D72219645CD00948E85 /* Assets.xcassets */,
				BF247D74219645CD00948E85 /* LaunchScreen.storyboard */,
				BF247D77219645CD00948E85 /* Info.plist */,
			);
			path = Parker;
			sourceTree = "<group>";
		};
/* End PBXGroup section */

/* Begin PBXNativeTarget section */
		BF247D67219645CA00948E85 /* Parker */ = {
			isa = PBXNativeTarget;
			buildConfigurationList = BF247D7A219645CD00948E85 /* Build configuration list for PBXNativeTarget "Parker" */;
			buildPhases = (
				5570E99C18BFEB94F830CB77 /* [CP] Check Pods Manifest.lock */,
				BF247D64219645CA00948E85 /* Sources */,
				BF247D65219645CA00948E85 /* Frameworks */,
				BF247D66219645CA00948E85 /* Resources */,
				C2650CE5B3866EA3E36EA6D1 /* [CP] Embed Pods Frameworks */,
			);
			buildRules = (
			);
			dependencies = (
			);
			name = Parker;
			productName = FindMyCar;
			productReference = BF247D68219645CA00948E85 /* Parker.app */;
			productType = "com.apple.product-type.application";
		};
/* End PBXNativeTarget section */

/* Begin PBXProject section */
		BF247D60219645CA00948E85 /* Project object */ = {
			isa = PBXProject;
			attributes = {
				LastSwiftUpdateCheck = 1010;
				LastUpgradeCheck = 1010;
				ORGANIZATIONNAME = "Zekai Zhao";
				TargetAttributes = {
					BF247D67219645CA00948E85 = {
						CreatedOnToolsVersion = 10.1;
					};
				};
			};
			buildConfigurationList = BF247D63219645CA00948E85 /* Build configuration list for PBXProject "Parker" */;
			compatibilityVersion = "Xcode 9.3";
			developmentRegion = en;
			hasScannedForEncodings = 0;
			knownRegions = (
				en,
				Base,
			);
			mainGroup = BF247D5F219645CA00948E85;
			productRefGroup = BF247D69219645CA00948E85 /* Products */;
			projectDirPath = "";
			projectRoot = "";
			targets = (
				BF247D67219645CA00948E85 /* Parker */,
			);
		};
/* End PBXProject section */

/* Begin PBXResourcesBuildPhase section */
		BF247D66219645CA00948E85 /* Resources */ = {
			isa = PBXResourcesBuildPhase;
			buildActionMask = 2147483647;
			files = (
				BF247D76219645CD00948E85 /* LaunchScreen.storyboard in Resources */,
				BF247D73219645CD00948E85 /* Assets.xcassets in Resources */,
				BF247D71219645CA00948E85 /* Main.storyboard in Resources */,
			);
			runOnlyForDeploymentPostprocessing = 0;
		};
/* End PBXResourcesBuildPhase section */

/* Begin PBXShellScriptBuildPhase section */
		5570E99C18BFEB94F830CB77 /* [CP] Check Pods Manifest.lock */ = {
			isa = PBXShellScriptBuildPhase;
			buildActionMask = 2147483647;
			files = (
			);
			inputFileListPaths = (
			);
			inputPaths = (
				"${PODS_PODFILE_DIR_PATH}/Podfile.lock",
				"${PODS_ROOT}/Manifest.lock",
			);
			name = "[CP] Check Pods Manifest.lock";
			outputFileListPaths = (
			);
			outputPaths = (
				"$(DERIVED_FILE_DIR)/Pods-Parker-checkManifestLockResult.txt",
			);
			runOnlyForDeploymentPostprocessing = 0;
			shellPath = /bin/sh;
			shellScript = "diff \"${PODS_PODFILE_DIR_PATH}/Podfile.lock\" \"${PODS_ROOT}/Manifest.lock\" > /dev/null\nif [ $? != 0 ] ; then\n    # print error to STDERR\n    echo \"error: The sandbox is not in sync with the Podfile.lock. Run 'pod install' or update your CocoaPods installation.\" >&2\n    exit 1\nfi\n# This output is used by Xcode 'outputs' to avoid re-running this script phase.\necho \"SUCCESS\" > \"${SCRIPT_OUTPUT_FILE_0}\"\n";
			showEnvVarsInLog = 0;
		};
		C2650CE5B3866EA3E36EA6D1 /* [CP] Embed Pods Frameworks */ = {
			isa = PBXShellScriptBuildPhase;
			buildActionMask = 2147483647;
			files = (
			);
			inputFileListPaths = (
			);
			inputPaths = (
				"${SRCROOT}/Pods/Target Support Files/Pods-Parker/Pods-Parker-frameworks.sh",
				"${BUILT_PRODUCTS_DIR}/SVProgressHUD/SVProgressHUD.framework",
			);
			name = "[CP] Embed Pods Frameworks";
			outputFileListPaths = (
			);
			outputPaths = (
				"${TARGET_BUILD_DIR}/${FRAMEWORKS_FOLDER_PATH}/SVProgressHUD.framework",
			);
			runOnlyForDeploymentPostprocessing = 0;
			shellPath = /bin/sh;
			shellScript = "\"${SRCROOT}/Pods/Target Support Files/Pods-Parker/Pods-Parker-frameworks.sh\"\n";
			showEnvVarsInLog = 0;
		};
/* End PBXShellScriptBuildPhase section */

/* Begin PBXSourcesBuildPhase section */
		BF247D64219645CA00948E85 /* Sources */ = {
			isa = PBXSourcesBuildPhase;
			buildActionMask = 2147483647;
			files = (
				6A481DB521A39A7B00F6A942 /* classes.swift in Sources */,
				045A1CC221A0EF89004E46C7 /* CountdownTimer.swift in Sources */,
				BF247D6E219645CA00948E85 /* MapViewController.swift in Sources */,
				BF247D6C219645CA00948E85 /* AppDelegate.swift in Sources */,
				045A1CC421A1020E004E46C7 /* Takepicture.swift in Sources */,
				6A9F0DFB21A0E0CB009436A1 /* SettingViewController.swift in Sources */,
				045A1CC021A0EF6A004E46C7 /* Timer.swift in Sources */,
			);
			runOnlyForDeploymentPostprocessing = 0;
		};
/* End PBXSourcesBuildPhase section */

/* Begin PBXVariantGroup section */
		BF247D6F219645CA00948E85 /* Main.storyboard */ = {
			isa = PBXVariantGroup;
			children = (
				BF247D70219645CA00948E85 /* Base */,
			);
			name = Main.storyboard;
			sourceTree = "<group>";
		};
		BF247D74219645CD00948E85 /* LaunchScreen.storyboard */ = {
			isa = PBXVariantGroup;
			children = (
				BF247D75219645CD00948E85 /* Base */,
			);
			name = LaunchScreen.storyboard;
			sourceTree = "<group>";
		};
/* End PBXVariantGroup section */

/* Begin XCBuildConfiguration section */
		BF247D78219645CD00948E85 /* Debug */ = {
			isa = XCBuildConfiguration;
			buildSettings = {
				ALWAYS_SEARCH_USER_PATHS = NO;
				CLANG_ANALYZER_NONNULL = YES;
				CLANG_ANALYZER_NUMBER_OBJECT_CONVERSION = YES_AGGRESSIVE;
				CLANG_CXX_LANGUAGE_STANDARD = "gnu++14";
				CLANG_CXX_LIBRARY = "libc++";
				CLANG_ENABLE_MODULES = YES;
				CLANG_ENABLE_OBJC_ARC = YES;
				CLANG_ENABLE_OBJC_WEAK = YES;
				CLANG_WARN_BLOCK_CAPTURE_AUTORELEASING = YES;
				CLANG_WARN_BOOL_CONVERSION = YES;
				CLANG_WARN_COMMA = YES;
				CLANG_WARN_CONSTANT_CONVERSION = YES;
				CLANG_WARN_DEPRECATED_OBJC_IMPLEMENTATIONS = YES;
				CLANG_WARN_DIRECT_OBJC_ISA_USAGE = YES_ERROR;
				CLANG_WARN_DOCUMENTATION_COMMENTS = YES;
				CLANG_WARN_EMPTY_BODY = YES;
				CLANG_WARN_ENUM_CONVERSION = YES;
				CLANG_WARN_INFINITE_RECURSION = YES;
				CLANG_WARN_INT_CONVERSION = YES;
				CLANG_WARN_NON_LITERAL_NULL_CONVERSION = YES;
				CLANG_WARN_OBJC_IMPLICIT_RETAIN_SELF = YES;
				CLANG_WARN_OBJC_LITERAL_CONVERSION = YES;
				CLANG_WARN_OBJC_ROOT_CLASS = YES_ERROR;
				CLANG_WARN_RANGE_LOOP_ANALYSIS = YES;
				CLANG_WARN_STRICT_PROTOTYPES = YES;
				CLANG_WARN_SUSPICIOUS_MOVE = YES;
				CLANG_WARN_UNGUARDED_AVAILABILITY = YES_AGGRESSIVE;
				CLANG_WARN_UNREACHABLE_CODE = YES;
				CLANG_WARN__DUPLICATE_METHOD_MATCH = YES;
				CODE_SIGN_IDENTITY = "iPhone Developer";
				COPY_PHASE_STRIP = NO;
				DEBUG_INFORMATION_FORMAT = dwarf;
				ENABLE_STRICT_OBJC_MSGSEND = YES;
				ENABLE_TESTABILITY = YES;
				GCC_C_LANGUAGE_STANDARD = gnu11;
				GCC_DYNAMIC_NO_PIC = NO;
				GCC_NO_COMMON_BLOCKS = YES;
				GCC_OPTIMIZATION_LEVEL = 0;
				GCC_PREPROCESSOR_DEFINITIONS = (
					"DEBUG=1",
					"$(inherited)",
				);
				GCC_WARN_64_TO_32_BIT_CONVERSION = YES;
				GCC_WARN_ABOUT_RETURN_TYPE = YES_ERROR;
				GCC_WARN_UNDECLARED_SELECTOR = YES;
				GCC_WARN_UNINITIALIZED_AUTOS = YES_AGGRESSIVE;
				GCC_WARN_UNUSED_FUNCTION = YES;
				GCC_WARN_UNUSED_VARIABLE = YES;
				IPHONEOS_DEPLOYMENT_TARGET = 12.1;
				MTL_ENABLE_DEBUG_INFO = INCLUDE_SOURCE;
				MTL_FAST_MATH = YES;
				ONLY_ACTIVE_ARCH = YES;
				SDKROOT = iphoneos;
				SWIFT_ACTIVE_COMPILATION_CONDITIONS = DEBUG;
				SWIFT_OPTIMIZATION_LEVEL = "-Onone";
			};
			name = Debug;
		};
		BF247D79219645CD00948E85 /* Release */ = {
			isa = XCBuildConfiguration;
			buildSettings = {
				ALWAYS_SEARCH_USER_PATHS = NO;
				CLANG_ANALYZER_NONNULL = YES;
				CLANG_ANALYZER_NUMBER_OBJECT_CONVERSION = YES_AGGRESSIVE;
				CLANG_CXX_LANGUAGE_STANDARD = "gnu++14";
				CLANG_CXX_LIBRARY = "libc++";
				CLANG_ENABLE_MODULES = YES;
				CLANG_ENABLE_OBJC_ARC = YES;
				CLANG_ENABLE_OBJC_WEAK = YES;
				CLANG_WARN_BLOCK_CAPTURE_AUTORELEASING = YES;
				CLANG_WARN_BOOL_CONVERSION = YES;
				CLANG_WARN_COMMA = YES;
				CLANG_WARN_CONSTANT_CONVERSION = YES;
				CLANG_WARN_DEPRECATED_OBJC_IMPLEMENTATIONS = YES;
				CLANG_WARN_DIRECT_OBJC_ISA_USAGE = YES_ERROR;
				CLANG_WARN_DOCUMENTATION_COMMENTS = YES;
				CLANG_WARN_EMPTY_BODY = YES;
				CLANG_WARN_ENUM_CONVERSION = YES;
				CLANG_WARN_INFINITE_RECURSION = YES;
				CLANG_WARN_INT_CONVERSION = YES;
				CLANG_WARN_NON_LITERAL_NULL_CONVERSION = YES;
				CLANG_WARN_OBJC_IMPLICIT_RETAIN_SELF = YES;
				CLANG_WARN_OBJC_LITERAL_CONVERSION = YES;
				CLANG_WARN_OBJC_ROOT_CLASS = YES_ERROR;
				CLANG_WARN_RANGE_LOOP_ANALYSIS = YES;
				CLANG_WARN_STRICT_PROTOTYPES = YES;
				CLANG_WARN_SUSPICIOUS_MOVE = YES;
				CLANG_WARN_UNGUARDED_AVAILABILITY = YES_AGGRESSIVE;
				CLANG_WARN_UNREACHABLE_CODE = YES;
				CLANG_WARN__DUPLICATE_METHOD_MATCH = YES;
				CODE_SIGN_IDENTITY = "iPhone Developer";
				COPY_PHASE_STRIP = NO;
				DEBUG_INFORMATION_FORMAT = "dwarf-with-dsym";
				ENABLE_NS_ASSERTIONS = NO;
				ENABLE_STRICT_OBJC_MSGSEND = YES;
				GCC_C_LANGUAGE_STANDARD = gnu11;
				GCC_NO_COMMON_BLOCKS = YES;
				GCC_WARN_64_TO_32_BIT_CONVERSION = YES;
				GCC_WARN_ABOUT_RETURN_TYPE = YES_ERROR;
				GCC_WARN_UNDECLARED_SELECTOR = YES;
				GCC_WARN_UNINITIALIZED_AUTOS = YES_AGGRESSIVE;
				GCC_WARN_UNUSED_FUNCTION = YES;
				GCC_WARN_UNUSED_VARIABLE = YES;
				IPHONEOS_DEPLOYMENT_TARGET = 12.1;
				MTL_ENABLE_DEBUG_INFO = NO;
				MTL_FAST_MATH = YES;
				SDKROOT = iphoneos;
				SWIFT_COMPILATION_MODE = wholemodule;
				SWIFT_OPTIMIZATION_LEVEL = "-O";
				VALIDATE_PRODUCT = YES;
			};
			name = Release;
		};
		BF247D7B219645CD00948E85 /* Debug */ = {
			isa = XCBuildConfiguration;
			baseConfigurationReference = 92048ACF94127D0BF6CC7893 /* Pods-Parker.debug.xcconfig */;
			buildSettings = {
				ASSETCATALOG_COMPILER_APPICON_NAME = AppIcon;
				ASSETCATALOG_COMPILER_LAUNCHIMAGE_NAME = LaunchImage;
				CODE_SIGN_STYLE = Automatic;
				DEVELOPMENT_TEAM = NUGR87PYTP;
				INFOPLIST_FILE = "$(SRCROOT)/Parker/Info.plist";
				LD_RUNPATH_SEARCH_PATHS = (
					"$(inherited)",
					"@executable_path/Frameworks",
				);
				PRODUCT_BUNDLE_IDENTIFIER = paulzhang;
				PRODUCT_NAME = "$(TARGET_NAME)";
				SWIFT_VERSION = 4.2;
				TARGETED_DEVICE_FAMILY = "1,2";
			};
			name = Debug;
		};
		BF247D7C219645CD00948E85 /* Release */ = {
			isa = XCBuildConfiguration;
			baseConfigurationReference = D7FD010C653840A18B822D2B /* Pods-Parker.release.xcconfig */;
			buildSettings = {
				ASSETCATALOG_COMPILER_APPICON_NAME = AppIcon;
				ASSETCATALOG_COMPILER_LAUNCHIMAGE_NAME = LaunchImage;
				CODE_SIGN_STYLE = Automatic;
				DEVELOPMENT_TEAM = NUGR87PYTP;
				INFOPLIST_FILE = "$(SRCROOT)/Parker/Info.plist";
				LD_RUNPATH_SEARCH_PATHS = (
					"$(inherited)",
					"@executable_path/Frameworks",
				);
				PRODUCT_BUNDLE_IDENTIFIER = paulzhang;
				PRODUCT_NAME = "$(TARGET_NAME)";
				SWIFT_VERSION = 4.2;
				TARGETED_DEVICE_FAMILY = "1,2";
			};
			name = Release;
		};
/* End XCBuildConfiguration section */

/* Begin XCConfigurationList section */
		BF247D63219645CA00948E85 /* Build configuration list for PBXProject "Parker" */ = {
			isa = XCConfigurationList;
			buildConfigurations = (
				BF247D78219645CD00948E85 /* Debug */,
				BF247D79219645CD00948E85 /* Release */,
			);
			defaultConfigurationIsVisible = 0;
			defaultConfigurationName = Release;
		};
		BF247D7A219645CD00948E85 /* Build configuration list for PBXNativeTarget "Parker" */ = {
			isa = XCConfigurationList;
			buildConfigurations = (
				BF247D7B219645CD00948E85 /* Debug */,
				BF247D7C219645CD00948E85 /* Release */,
			);
			defaultConfigurationIsVisible = 0;
			defaultConfigurationName = Release;
		};
/* End XCConfigurationList section */
	};
	rootObject = BF247D60219645CA00948E85 /* Project object */;
}
